
Microsoft Visual Studio Solution File, Format Version 12.00
# Visual Studio Version 16
VisualStudioVersion = 16.0.32002.261
MinimumVisualStudioVersion = 10.0.40219.1
Project("{FAE04EC0-301F-11D3-BF4B-00C04F79EFBC}") = "M3Task82", "M3Task82.csproj", "{5135F951-C1EF-4BE4-B06D-86BE2F2E5968}"
EndProject
Global
	GlobalSection(SolutionConfigurationPlatforms) = preSolution
		Debug|Any CPU = Debug|Any CPU
		Release|Any CPU = Release|Any CPU
	EndGlobalSection
	GlobalSection(ProjectConfigurationPlatforms) = postSolution
		{5135F951-C1EF-4BE4-B06D-86BE2F2E5968}.Debug|Any CPU.ActiveCfg = Debug|Any CPU
		{5135F951-C1EF-4BE4-B06D-86BE2F2E5968}.Debug|Any CPU.Build.0 = Debug|Any CPU
		{5135F951-C1EF-4BE4-B06D-86BE2F2E5968}.Release|Any CPU.ActiveCfg = Release|Any CPU
		{5135F951-C1EF-4BE4-B06D-86BE2F2E5968}.Release|Any CPU.Build.0 = Release|Any CPU
	EndGlobalSection
	GlobalSection(SolutionProperties) = preSolution
		HideSolutionNode = FALSE
	EndGlobalSection
	GlobalSection(ExtensibilityGlobals) = postSolution
		SolutionGuid = {2D88DD96-A002-4552-92D8-69D349B0BF57}
	EndGlobalSection
EndGlobal
